
Microsoft Visual Studio Solution File, Format Version 12.00
# Visual Studio 15
VisualStudioVersion = 15.0.26124.0
MinimumVisualStudioVersion = 15.0.26124.0
Project("{FAE04EC0-301F-11D3-BF4B-00C04F79EFBC}") = "Flane.Web.Api.Product", "Flane.Web.Api.Product\Flane.Web.Api.Product.csproj", "{9D932952-A6C3-4865-A3EE-7B5CBAF2D186}"
EndProject
Project("{FAE04EC0-301F-11D3-BF4B-00C04F79EFBC}") = "Flane.Web.Model", "Flane.Web.Model\Flane.Web.Model.csproj", "{F4C3A382-9428-40BD-B4D3-2BE98946D951}"
EndProject
Project("{FAE04EC0-301F-11D3-BF4B-00C04F79EFBC}") = "Flane.Web.Repos", "Flane.Web.Repos\Flane.Web.Repos.csproj", "{4E0751D1-E468-49ED-B98A-AB8A475C7ADD}"
EndProject
Project("{FAE04EC0-301F-11D3-BF4B-00C04F79EFBC}") = "Mercan.Common", "Mercan.Common\Mercan.Common.csproj", "{0C755005-B7BC-434D-AC7D-58761088C5A4}"
EndProject
Project("{FAE04EC0-301F-11D3-BF4B-00C04F79EFBC}") = "Mercan.Common.Mongo", "Mercan.Common.Mongo\Mercan.Common.Mongo.csproj", "{4BF9CE16-D6F7-4296-A8EE-95717FC7680D}"
EndProject
Global
	GlobalSection(SolutionConfigurationPlatforms) = preSolution
		Debug|Any CPU = Debug|Any CPU
		Debug|x64 = Debug|x64
		Debug|x86 = Debug|x86
		Release|Any CPU = Release|Any CPU
		Release|x64 = Release|x64
		Release|x86 = Release|x86
	EndGlobalSection
	GlobalSection(SolutionProperties) = preSolution
		HideSolutionNode = FALSE
	EndGlobalSection
	GlobalSection(ProjectConfigurationPlatforms) = postSolution
		{9D932952-A6C3-4865-A3EE-7B5CBAF2D186}.Debug|Any CPU.ActiveCfg = Debug|Any CPU
		{9D932952-A6C3-4865-A3EE-7B5CBAF2D186}.Debug|Any CPU.Build.0 = Debug|Any CPU
		{9D932952-A6C3-4865-A3EE-7B5CBAF2D186}.Debug|x64.ActiveCfg = Debug|Any CPU
		{9D932952-A6C3-4865-A3EE-7B5CBAF2D186}.Debug|x64.Build.0 = Debug|Any CPU
		{9D932952-A6C3-4865-A3EE-7B5CBAF2D186}.Debug|x86.ActiveCfg = Debug|Any CPU
		{9D932952-A6C3-4865-A3EE-7B5CBAF2D186}.Debug|x86.Build.0 = Debug|Any CPU
		{9D932952-A6C3-4865-A3EE-7B5CBAF2D186}.Release|Any CPU.ActiveCfg = Release|Any CPU
		{9D932952-A6C3-4865-A3EE-7B5CBAF2D186}.Release|Any CPU.Build.0 = Release|Any CPU
		{9D932952-A6C3-4865-A3EE-7B5CBAF2D186}.Release|x64.ActiveCfg = Release|Any CPU
		{9D932952-A6C3-4865-A3EE-7B5CBAF2D186}.Release|x64.Build.0 = Release|Any CPU
		{9D932952-A6C3-4865-A3EE-7B5CBAF2D186}.Release|x86.ActiveCfg = Release|Any CPU
		{9D932952-A6C3-4865-A3EE-7B5CBAF2D186}.Release|x86.Build.0 = Release|Any CPU
		{F4C3A382-9428-40BD-B4D3-2BE98946D951}.Debug|Any CPU.ActiveCfg = Debug|Any CPU
		{F4C3A382-9428-40BD-B4D3-2BE98946D951}.Debug|Any CPU.Build.0 = Debug|Any CPU
		{F4C3A382-9428-40BD-B4D3-2BE98946D951}.Debug|x64.ActiveCfg = Debug|Any CPU
		{F4C3A382-9428-40BD-B4D3-2BE98946D951}.Debug|x64.Build.0 = Debug|Any CPU
		{F4C3A382-9428-40BD-B4D3-2BE98946D951}.Debug|x86.ActiveCfg = Debug|Any CPU
		{F4C3A382-9428-40BD-B4D3-2BE98946D951}.Debug|x86.Build.0 = Debug|Any CPU
		{F4C3A382-9428-40BD-B4D3-2BE98946D951}.Release|Any CPU.ActiveCfg = Release|Any CPU
		{F4C3A382-9428-40BD-B4D3-2BE98946D951}.Release|Any CPU.Build.0 = Release|Any CPU
		{F4C3A382-9428-40BD-B4D3-2BE98946D951}.Release|x64.ActiveCfg = Release|Any CPU
		{F4C3A382-9428-40BD-B4D3-2BE98946D951}.Release|x64.Build.0 = Release|Any CPU
		{F4C3A382-9428-40BD-B4D3-2BE98946D951}.Release|x86.ActiveCfg = Release|Any CPU
		{F4C3A382-9428-40BD-B4D3-2BE98946D951}.Release|x86.Build.0 = Release|Any CPU
		{4E0751D1-E468-49ED-B98A-AB8A475C7ADD}.Debug|Any CPU.ActiveCfg = Debug|Any CPU
		{4E0751D1-E468-49ED-B98A-AB8A475C7ADD}.Debug|Any CPU.Build.0 = Debug|Any CPU
		{4E0751D1-E468-49ED-B98A-AB8A475C7ADD}.Debug|x64.ActiveCfg = Debug|Any CPU
		{4E0751D1-E468-49ED-B98A-AB8A475C7ADD}.Debug|x64.Build.0 = Debug|Any CPU
		{4E0751D1-E468-49ED-B98A-AB8A475C7ADD}.Debug|x86.ActiveCfg = Debug|Any CPU
		{4E0751D1-E468-49ED-B98A-AB8A475C7ADD}.Debug|x86.Build.0 = Debug|Any CPU
		{4E0751D1-E468-49ED-B98A-AB8A475C7ADD}.Release|Any CPU.ActiveCfg = Release|Any CPU
		{4E0751D1-E468-49ED-B98A-AB8A475C7ADD}.Release|Any CPU.Build.0 = Release|Any CPU
		{4E0751D1-E468-49ED-B98A-AB8A475C7ADD}.Release|x64.ActiveCfg = Release|Any CPU
		{4E0751D1-E468-49ED-B98A-AB8A475C7ADD}.Release|x64.Build.0 = Release|Any CPU
		{4E0751D1-E468-49ED-B98A-AB8A475C7ADD}.Release|x86.ActiveCfg = Release|Any CPU
		{4E0751D1-E468-49ED-B98A-AB8A475C7ADD}.Release|x86.Build.0 = Release|Any CPU
		{0C755005-B7BC-434D-AC7D-58761088C5A4}.Debug|Any CPU.ActiveCfg = Debug|Any CPU
		{0C755005-B7BC-434D-AC7D-58761088C5A4}.Debug|Any CPU.Build.0 = Debug|Any CPU
		{0C755005-B7BC-434D-AC7D-58761088C5A4}.Debug|x64.ActiveCfg = Debug|Any CPU
		{0C755005-B7BC-434D-AC7D-58761088C5A4}.Debug|x64.Build.0 = Debug|Any CPU
		{0C755005-B7BC-434D-AC7D-58761088C5A4}.Debug|x86.ActiveCfg = Debug|Any CPU
		{0C755005-B7BC-434D-AC7D-58761088C5A4}.Debug|x86.Build.0 = Debug|Any CPU
		{0C755005-B7BC-434D-AC7D-58761088C5A4}.Release|Any CPU.ActiveCfg = Release|Any CPU
		{0C755005-B7BC-434D-AC7D-58761088C5A4}.Release|Any CPU.Build.0 = Release|Any CPU
		{0C755005-B7BC-434D-AC7D-58761088C5A4}.Release|x64.ActiveCfg = Release|Any CPU
		{0C755005-B7BC-434D-AC7D-58761088C5A4}.Release|x64.Build.0 = Release|Any CPU
		{0C755005-B7BC-434D-AC7D-58761088C5A4}.Release|x86.ActiveCfg = Release|Any CPU
		{0C755005-B7BC-434D-AC7D-58761088C5A4}.Release|x86.Build.0 = Release|Any CPU
		{4BF9CE16-D6F7-4296-A8EE-95717FC7680D}.Debug|Any CPU.ActiveCfg = Debug|Any CPU
		{4BF9CE16-D6F7-4296-A8EE-95717FC7680D}.Debug|Any CPU.Build.0 = Debug|Any CPU
		{4BF9CE16-D6F7-4296-A8EE-95717FC7680D}.Debug|x64.ActiveCfg = Debug|Any CPU
		{4BF9CE16-D6F7-4296-A8EE-95717FC7680D}.Debug|x64.Build.0 = Debug|Any CPU
		{4BF9CE16-D6F7-4296-A8EE-95717FC7680D}.Debug|x86.ActiveCfg = Debug|Any CPU
		{4BF9CE16-D6F7-4296-A8EE-95717FC7680D}.Debug|x86.Build.0 = Debug|Any CPU
		{4BF9CE16-D6F7-4296-A8EE-95717FC7680D}.Release|Any CPU.ActiveCfg = Release|Any CPU
		{4BF9CE16-D6F7-4296-A8EE-95717FC7680D}.Release|Any CPU.Build.0 = Release|Any CPU
		{4BF9CE16-D6F7-4296-A8EE-95717FC7680D}.Release|x64.ActiveCfg = Release|Any CPU
		{4BF9CE16-D6F7-4296-A8EE-95717FC7680D}.Release|x64.Build.0 = Release|Any CPU
		{4BF9CE16-D6F7-4296-A8EE-95717FC7680D}.Release|x86.ActiveCfg = Release|Any CPU
		{4BF9CE16-D6F7-4296-A8EE-95717FC7680D}.Release|x86.Build.0 = Release|Any CPU
	EndGlobalSection
EndGlobal
